{
  "lockfileVersion": 1,
  "workspaces": {
    "": {
      "name": "devguard-ci-components",
      "dependencies": {
        "@l3montree/programmatic-ci-components": "0.0.1",
      },
      "devDependencies": {
        "@types/bun": "^1.3.9",
        "@types/node": "^25.3.0",
        "typescript": "6.0.2",
      },
    },
  },
  "packages": {
    "@l3montree/programmatic-ci-components": ["@l3montree/programmatic-ci-components@0.0.1", "https://gitlab.opencode.de/api/v4/projects/9570/packages/npm/@l3montree/programmatic-ci-components/-/@l3montree/programmatic-ci-components-0.0.1.tgz", { "dependencies": { "@sleeyax/gitlab-ci-ts": "git+https://gitlab.com/l3montree/gitlab-ci-ts.git#support-for-spec", "yaml": "3.0.0-0" } }, "sha1-RpdBf8+QOUDn4SrKM2HCGoTb0+E="],

    "@sleeyax/gitlab-ci-ts": ["@sleeyax/gitlab-ci-ts@git+https://gitlab.com/l3montree/gitlab-ci-ts.git#ade6c8b87c3ca945298521a1aa8bfa55d219cd60", { "dependencies": { "yaml": "^2.8.2" } }, "ade6c8b87c3ca945298521a1aa8bfa55d219cd60"],

    "@types/bun": ["@types/bun@1.3.14", "", { "dependencies": { "bun-types": "1.3.14" } }, "sha512-h1hFqFVcvAvD9j9K7ZW7vd82aSA+rTdznZa+5bwvCwqSB1jmmfLcbIWhOLx1/+boy/xmjgCs/OMUL8hRJSmnPw=="],

    "@types/node": ["@types/node@25.8.0", "", { "dependencies": { "undici-types": ">=7.24.0 <7.24.7" } }, "sha512-TCFSk8IZh+iLX1xtksoBVtdmgL+1IX0fC9BeU4QqFSuNdN/K+HUlhqOzEmSYYpZUVsLYcPqc9KX+60iDuninSQ=="],

    "bun-types": ["bun-types@1.3.14", "", { "dependencies": { "@types/node": "*" } }, "sha512-4N0ig0fEomHt5R0KCFWjovxow98rIoRwKolrYdCcknNwMekCXRnWEUvgu5soYV8QXtVsrUD8B95MBOZGPvr6KQ=="],

    "typescript": ["typescript@6.0.2", "", { "bin": { "tsc": "bin/tsc", "tsserver": "bin/tsserver" } }, "sha512-bGdAIrZ0wiGDo5l8c++HWtbaNCWTS4UTv7RaTH/ThVIgjkveJt83m74bBHMJkuCbslY8ixgLBVZJIOiQlQTjfQ=="],

    "undici-types": ["undici-types@7.24.6", "", {}, "sha512-WRNW+sJgj5OBN4/0JpHFqtqzhpbnV0GuB+OozA9gCL7a993SmU+1JBZCzLNxYsbMfIeDL+lTsphD5jN5N+n0zg=="],

    "yaml": ["yaml@3.0.0-0", "", { "bin": { "yaml": "bin.js" } }, "sha512-PHPfns7F4FYUxfWzghNC/VYvFANsZkNSEZ7s7TbL9Aabf781lJ0wq88Hqx7+2gLBnBWUIy/YYaE+AIXJ0cs6Dg=="],

    "@sleeyax/gitlab-ci-ts/yaml": ["yaml@2.9.0", "", { "bin": { "yaml": "bin.mjs" } }, "sha512-2AvhNX3mb8zd6Zy7INTtSpl1F15HW6Wnqj0srWlkKLcpYl/gMIMJiyuGq2KeI2YFxUPjdlB+3Lc10seMLtL4cA=="],
  }
}
